{
  "name": "opencode-plugin-tester",
  "version": "0.1.0",
  "lockfileVersion": 3,
  "requires": true,
  "packages": {
    "": {
      "name": "opencode-plugin-tester",
      "version": "0.1.0",
      "license": "MIT",
      "dependencies": {
        "@opencode-ai/plugin": "^1",
        "@opencode-ai/sdk": "^1.3.13",
        "zod": "^4"
      },
      "devDependencies": {
        "@trivago/prettier-plugin-sort-imports": "^6",
        "@types/bun": "latest",
        "@types/node": "^25.5.0",
        "prettier": "^3",
        "typescript": "^5"
      }
    },
    "node_modules/@babel/code-frame": {
      "version": "7.29.0",
      "dev": true,
      "license": "MIT",
      "dependencies": {
        "@babel/helper-validator-identifier": "^7.28.5",
        "js-tokens": "^4.0.0",
        "picocolors": "^1.1.1"
      },
      "engines": {
        "node": ">=6.9.0"
      }
    },
    "node_modules/@babel/generator": {
      "version": "7.29.1",
      "dev": true,
      "license": "MIT",
      "dependencies": {
        "@babel/parser": "^7.29.0",
        "@babel/types": "^7.29.0",
        "@jridgewell/gen-mapping": "^0.3.12",
        "@jridgewell/trace-mapping": "^0.3.28",
        "jsesc": "^3.0.2"
      },
      "engines": {
        "node": ">=6.9.0"
      }
    },
    "node_modules/@babel/helper-globals": {
      "version": "7.28.0",
      "dev": true,
      "license": "MIT",
      "engines": {
        "node": ">=6.9.0"
      }
    },
    "node_modules/@babel/helper-string-parser": {
      "version": "7.27.1",
      "dev": true,
      "license": "MIT",
      "engines": {
        "node": ">=6.9.0"
      }
    },
    "node_modules/@babel/helper-validator-identifier": {
      "version": "7.28.5",
      "dev": true,
      "license": "MIT",
      "engines": {
        "node": ">=6.9.0"
      }
    },
    "node_modules/@babel/parser": {
      "version": "7.29.2",
      "dev": true,
      "license": "MIT",
      "dependencies": {
        "@babel/types": "^7.29.0"
      },
      "bin": {
        "parser": "bin/babel-parser.js"
      },
      "engines": {
        "node": ">=6.0.0"
      }
    },
    "node_modules/@babel/template": {
      "version": "7.28.6",
      "dev": true,
      "license": "MIT",
      "dependencies": {
        "@babel/code-frame": "^7.28.6",
        "@babel/parser": "^7.28.6",
        "@babel/types": "^7.28.6"
      },
      "engines": {
        "node": ">=6.9.0"
      }
    },
    "node_modules/@babel/traverse": {
      "version": "7.29.0",
      "dev": true,
      "license": "MIT",
      "dependencies": {
        "@babel/code-frame": "^7.29.0",
        "@babel/generator": "^7.29.0",
        "@babel/helper-globals": "^7.28.0",
        "@babel/parser": "^7.29.0",
        "@babel/template": "^7.28.6",
        "@babel/types": "^7.29.0",
        "debug": "^4.3.1"
      },
      "engines": {
        "node": ">=6.9.0"
      }
    },
    "node_modules/@babel/types": {
      "version": "7.29.0",
      "dev": true,
      "license": "MIT",
      "dependencies": {
        "@babel/helper-string-parser": "^7.27.1",
        "@babel/helper-validator-identifier": "^7.28.5"
      },
      "engines": {
        "node": ">=6.9.0"
      }
    },
    "node_modules/@jridgewell/gen-mapping": {
      "version": "0.3.13",
      "dev": true,
      "license": "MIT",
      "dependencies": {
        "@jridgewell/sourcemap-codec": "^1.5.0",
        "@jridgewell/trace-mapping": "^0.3.24"
      }
    },
    "node_modules/@jridgewell/resolve-uri": {
      "version": "3.1.2",
      "dev": true,
      "license": "MIT",
      "engines": {
        "node": ">=6.0.0"
      }
    },
    "node_modules/@jridgewell/sourcemap-codec": {
      "version": "1.5.5",
      "dev": true,
      "license": "MIT"
    },
    "node_modules/@jridgewell/trace-mapping": {
      "version": "0.3.31",
      "dev": true,
      "license": "MIT",
      "dependencies": {
        "@jridgewell/resolve-uri": "^3.1.0",
        "@jridgewell/sourcemap-codec": "^1.4.14"
      }
    },
    "node_modules/@opencode-ai/plugin": {
      "version": "1.3.13",
      "license": "MIT",
      "dependencies": {
        "@opencode-ai/sdk": "1.3.13",
        "zod": "4.1.8"
      },
      "peerDependencies": {
        "@opentui/core": ">=0.1.95",
        "@opentui/solid": ">=0.1.95"
      },
      "peerDependenciesMeta": {
        "@opentui/core": {
          "optional": true
        },
        "@opentui/solid": {
          "optional": true
        }
      }
    },
    "node_modules/@opencode-ai/plugin/node_modules/zod": {
      "version": "4.1.8",
      "license": "MIT",
      "funding": {
        "url": "https://github.com/sponsors/colinhacks"
      }
    },
    "node_modules/@opencode-ai/sdk": {
      "version": "1.3.13",
      "resolved": "https://registry.npmjs.org/@opencode-ai/sdk/-/sdk-1.3.13.tgz",
      "integrity": "sha512-/M6HlNnba+xf1EId6qFb2tG0cvq0db3PCQDug1glrf8wYOU57LYNF8WvHX9zoDKPTMv0F+O4pcP/8J+WvDaxHA==",
      "license": "MIT"
    },
    "node_modules/@trivago/prettier-plugin-sort-imports": {
      "version": "6.0.2",
      "dev": true,
      "license": "Apache-2.0",
      "dependencies": {
        "@babel/generator": "^7.28.0",
        "@babel/parser": "^7.28.0",
        "@babel/traverse": "^7.28.0",
        "@babel/types": "^7.28.0",
        "javascript-natural-sort": "^0.7.1",
        "lodash-es": "^4.17.21",
        "minimatch": "^9.0.0",
        "parse-imports-exports": "^0.2.4"
      },
      "engines": {
        "node": ">= 20"
      },
      "peerDependencies": {
        "@vue/compiler-sfc": "3.x",
        "prettier": "2.x - 3.x",
        "prettier-plugin-ember-template-tag": ">= 2.0.0",
        "prettier-plugin-svelte": "3.x",
        "svelte": "4.x || 5.x"
      },
      "peerDependenciesMeta": {
        "@vue/compiler-sfc": {
          "optional": true
        },
        "prettier-plugin-ember-template-tag": {
          "optional": true
        },
        "prettier-plugin-svelte": {
          "optional": true
        },
        "svelte": {
          "optional": true
        }
      }
    },
    "node_modules/@types/bun": {
      "version": "1.3.11",
      "resolved": "https://registry.npmjs.org/@types/bun/-/bun-1.3.11.tgz",
      "integrity": "sha512-5vPne5QvtpjGpsGYXiFyycfpDF2ECyPcTSsFBMa0fraoxiQyMJ3SmuQIGhzPg2WJuWxVBoxWJ2kClYTcw/4fAg==",
      "dev": true,
      "license": "MIT",
      "dependencies": {
        "bun-types": "1.3.11"
      }
    },
    "node_modules/@types/node": {
      "version": "25.5.0",
      "dev": true,
      "license": "MIT",
      "dependencies": {
        "undici-types": "~7.18.0"
      }
    },
    "node_modules/balanced-match": {
      "version": "1.0.2",
      "dev": true,
      "license": "MIT"
    },
    "node_modules/brace-expansion": {
      "version": "2.0.3",
      "dev": true,
      "license": "MIT",
      "dependencies": {
        "balanced-match": "^1.0.0"
      }
    },
    "node_modules/bun-types": {
      "version": "1.3.11",
      "dev": true,
      "license": "MIT",
      "dependencies": {
        "@types/node": "*"
      }
    },
    "node_modules/bun-types/node_modules/@types/node": {
      "version": "20.19.37",
      "dev": true,
      "license": "MIT",
      "dependencies": {
        "undici-types": "~6.21.0"
      }
    },
    "node_modules/bun-types/node_modules/@types/node/node_modules/undici-types": {
      "version": "6.21.0",
      "dev": true,
      "license": "MIT"
    },
    "node_modules/debug": {
      "version": "4.4.3",
      "dev": true,
      "license": "MIT",
      "dependencies": {
        "ms": "^2.1.3"
      },
      "engines": {
        "node": ">=6.0"
      },
      "peerDependenciesMeta": {
        "supports-color": {
          "optional": true
        }
      }
    },
    "node_modules/javascript-natural-sort": {
      "version": "0.7.1",
      "dev": true,
      "license": "MIT"
    },
    "node_modules/js-tokens": {
      "version": "4.0.0",
      "dev": true,
      "license": "MIT"
    },
    "node_modules/jsesc": {
      "version": "3.1.0",
      "dev": true,
      "license": "MIT",
      "bin": {
        "jsesc": "bin/jsesc"
      },
      "engines": {
        "node": ">=6"
      }
    },
    "node_modules/lodash-es": {
      "version": "4.18.1",
      "dev": true,
      "license": "MIT"
    },
    "node_modules/minimatch": {
      "version": "9.0.9",
      "dev": true,
      "license": "ISC",
      "dependencies": {
        "brace-expansion": "^2.0.2"
      },
      "engines": {
        "node": ">=16 || 14 >=14.17"
      },
      "funding": {
        "url": "https://github.com/sponsors/isaacs"
      }
    },
    "node_modules/ms": {
      "version": "2.1.3",
      "dev": true,
      "license": "MIT"
    },
    "node_modules/parse-imports-exports": {
      "version": "0.2.4",
      "dev": true,
      "license": "MIT",
      "dependencies": {
        "parse-statements": "1.0.11"
      }
    },
    "node_modules/parse-statements": {
      "version": "1.0.11",
      "dev": true,
      "license": "MIT"
    },
    "node_modules/picocolors": {
      "version": "1.1.1",
      "dev": true,
      "license": "ISC"
    },
    "node_modules/prettier": {
      "version": "3.8.1",
      "dev": true,
      "license": "MIT",
      "peer": true,
      "bin": {
        "prettier": "bin/prettier.cjs"
      },
      "engines": {
        "node": ">=14"
      },
      "funding": {
        "url": "https://github.com/prettier/prettier?sponsor=1"
      }
    },
    "node_modules/typescript": {
      "version": "5.9.3",
      "dev": true,
      "license": "Apache-2.0",
      "bin": {
        "tsc": "bin/tsc",
        "tsserver": "bin/tsserver"
      },
      "engines": {
        "node": ">=14.17"
      }
    },
    "node_modules/undici-types": {
      "version": "7.18.2",
      "dev": true,
      "license": "MIT"
    },
    "node_modules/zod": {
      "version": "4.1.8",
      "license": "MIT",
      "funding": {
        "url": "https://github.com/sponsors/colinhacks"
      }
    }
  }
}
