lockfileVersion: '9.0'

settings:
  autoInstallPeers: true
  excludeLinksFromLockfile: false

importers:

  .:
    dependencies:
      vectordb:
        specifier: ^0.4.20
        version: 0.4.20(@apache-arrow/ts@14.0.2)(apache-arrow@14.0.2)

packages:

  '@75lb/deep-merge@1.1.1':
    resolution: {integrity: sha512-xvgv6pkMGBA6GwdyJbNAnDmfAIR/DfWhrj9jgWh3TY7gRm3KO46x/GPjRg6wJ0nOepwqrNxFfojebh0Df4h4Tw==}
    engines: {node: '>=12.17'}

  '@apache-arrow/ts@14.0.2':
    resolution: {integrity: sha512-CtwAvLkK0CZv7xsYeCo91ml6PvlfzAmAJZkRYuz2GNBwfYufj5SVi0iuSMwIMkcU/szVwvLdzORSLa5PlF/2ug==}

  '@lancedb/vectordb-darwin-arm64@0.4.20':
    resolution: {integrity: sha512-ffP2K4sA5mQTgePyARw1y8dPN996FmpvyAYoWO+TSItaXlhcXvc+KVa5udNMCZMDYeEnEv2Xpj6k4PwW3oBz+A==}
    cpu: [arm64]
    os: [darwin]

  '@lancedb/vectordb-darwin-x64@0.4.20':
    resolution: {integrity: sha512-GSYsXE20RIehDu30FjREhJdEzhnwOTV7ZsrSXagStzLY1gr7pyd7sfqxmmUtdD09di7LnQoiM71AOpPTa01YwQ==}
    cpu: [x64]
    os: [darwin]

  '@lancedb/vectordb-linux-arm64-gnu@0.4.20':
    resolution: {integrity: sha512-FpNOjOsz3nJVm6EBGyNgbOW2aFhsWZ/igeY45Z8hbZaaK2YBwrg/DASoNlUzgv6IR8cUaGJ2irNVJfsKR2cG6g==}
    cpu: [arm64]
    os: [linux]

  '@lancedb/vectordb-linux-x64-gnu@0.4.20':
    resolution: {integrity: sha512-pOqWjrRZQSrLTlQPkjidRii7NZDw8Xu9pN6ouVu2JAK8n81FXaPtFCyAI+Y3v9GpnYDN0rvD4eQ36aHAVPsa2g==}
    cpu: [x64]
    os: [linux]

  '@lancedb/vectordb-win32-x64-msvc@0.4.20':
    resolution: {integrity: sha512-5J5SsYSJ7jRCmU/sgwVHdrGz43B/7R2T9OEoFTKyVAtqTZdu75rkytXyn9SyEayXVhlUOaw76N0ASm0hAoDS/A==}
    cpu: [x64]
    os: [win32]

  '@neon-rs/load@0.0.74':
    resolution: {integrity: sha512-/cPZD907UNz55yrc/ud4wDgQKtU1TvkD9jeqZWG6J4IMmZkp6zgjkQcKA8UvpkZlcpPHvc8J17sGzLFbP/LUYg==}

  '@types/command-line-args@5.2.0':
    resolution: {integrity: sha512-UuKzKpJJ/Ief6ufIaIzr3A/0XnluX7RvFgwkV89Yzvm77wCh1kFaFmqN8XEnGcN62EuHdedQjEMb8mYxFLGPyA==}

  '@types/command-line-usage@5.0.2':
    resolution: {integrity: sha512-n7RlEEJ+4x4TS7ZQddTmNSxP+zziEG0TNsMfiRIxcIVXt71ENJ9ojeXmGO3wPoTdn7pJcU2xc3CJYMktNT6DPg==}

  '@types/node@20.3.0':
    resolution: {integrity: sha512-cumHmIAf6On83X7yP+LrsEyUOf/YlociZelmpRYaGFydoaPdxdt80MAbu6vWerQT2COCp2nPvHdsbD7tHn/YlQ==}

  '@types/pad-left@2.1.1':
    resolution: {integrity: sha512-Xd22WCRBydkGSApl5Bw0PhAOHKSVjNL3E3AwzKaps96IMraPqy5BvZIsBVK6JLwdybUzjHnuWVwpDd0JjTfHXA==}

  ansi-styles@4.3.0:
    resolution: {integrity: sha512-zbB9rCJAT1rbjiVDb2hqKFHNYLxgtk8NURxZ3IZwD3F6NtxbXZQCnnSi1Lkx+IDohdPlFp222wVALIheZJQSEg==}
    engines: {node: '>=8'}

  apache-arrow@14.0.2:
    resolution: {integrity: sha512-EBO2xJN36/XoY81nhLcwCJgFwkboDZeyNQ+OPsG7bCoQjc2BT0aTyH/MR6SrL+LirSNz+cYqjGRlupMMlP1aEg==}
    hasBin: true

  array-back@3.1.0:
    resolution: {integrity: sha512-TkuxA4UCOvxuDK6NZYXCalszEzj+TLszyASooky+i742l9TqsOdYCMJJupxRic61hwquNtppB3hgcuq9SVSH1Q==}
    engines: {node: '>=6'}

  array-back@6.2.2:
    resolution: {integrity: sha512-gUAZ7HPyb4SJczXAMUXMGAvI976JoK3qEx9v1FTmeYuJj0IBiaKttG1ydtGKdkfqWkIkouke7nG8ufGy77+Cvw==}
    engines: {node: '>=12.17'}

  asynckit@0.4.0:
    resolution: {integrity: sha512-Oei9OH4tRh0YqU3GxhX79dM/mwVgvbZJaSNaRk+bshkj0S5cfHcgYakreBjrHwatXKbz+IoIdYLxrKim2MjW0Q==}

  axios@1.7.0:
    resolution: {integrity: sha512-IiB0wQeKyPRdsFVhBgIo31FbzOyf2M6wYl7/NVutFwFBRMiAbjNiydJIHKeLmPugF4kJLfA1uWZ82Is2QzqqFA==}

  chalk-template@0.4.0:
    resolution: {integrity: sha512-/ghrgmhfY8RaSdeo43hNXxpoHAtxdbskUHjPpfqUWGttFgycUhYPGx3YZBCnUCvOa7Doivn1IZec3DEGFoMgLg==}
    engines: {node: '>=12'}

  chalk@4.1.2:
    resolution: {integrity: sha512-oKnbhFyRIXpUuez8iBMmyEa4nbj4IOQyuhc/wy9kY7/WVPcwIO9VA668Pu8RkO7+0G76SLROeyw9CpQ061i4mA==}
    engines: {node: '>=10'}

  color-convert@2.0.1:
    resolution: {integrity: sha512-RRECPsj7iu/xb5oKYcsFHSppFNnsj/52OVTRKb4zP5onXwVF3zVmmToNcOfGC+CRDpfK/U584fMg38ZHCaElKQ==}
    engines: {node: '>=7.0.0'}

  color-name@1.1.4:
    resolution: {integrity: sha512-dOy+3AuW3a2wNbZHIuMZpTcgjGuLU/uBL/ubcZF9OXbDo8ff4O8yVp5Bf0efS8uEoYo5q4Fx7dY9OgQGXgAsQA==}

  combined-stream@1.0.8:
    resolution: {integrity: sha512-FQN4MRfuJeHf7cBbBMJFXhKSDq+2kAArBlmRBvcvFE5BB1HZKXtSFASDhdlz9zOYwxh8lDdnvmMOe/+5cdoEdg==}
    engines: {node: '>= 0.8'}

  command-line-args@5.2.1:
    resolution: {integrity: sha512-H4UfQhZyakIjC74I9d34fGYDwk3XpSr17QhEd0Q3I9Xq1CETHo4Hcuo87WyWHpAF1aSLjLRf5lD9ZGX2qStUvg==}
    engines: {node: '>=4.0.0'}

  command-line-usage@7.0.1:
    resolution: {integrity: sha512-NCyznE//MuTjwi3y84QVUGEOT+P5oto1e1Pk/jFPVdPPfsG03qpTIl3yw6etR+v73d0lXsoojRpvbru2sqePxQ==}
    engines: {node: '>=12.20.0'}

  delayed-stream@1.0.0:
    resolution: {integrity: sha512-ZySD7Nf91aLB0RxL4KGrKHBXl7Eds1DAmEdcoVawXnLD7SDhpNgtuII2aAkg7a7QS41jxPSZ17p4VdGnMHk3MQ==}
    engines: {node: '>=0.4.0'}

  find-replace@3.0.0:
    resolution: {integrity: sha512-6Tb2myMioCAgv5kfvP5/PkZZ/ntTpVK39fHY7WkWBgvbeE+VHd/tZuZ4mrC+bxh4cfOZeYKVPaJIZtZXV7GNCQ==}
    engines: {node: '>=4.0.0'}

  flatbuffers@23.5.26:
    resolution: {integrity: sha512-vE+SI9vrJDwi1oETtTIFldC/o9GsVKRM+s6EL0nQgxXlYV1Vc4Tk30hj4xGICftInKQKj1F3up2n8UbIVobISQ==}

  follow-redirects@1.15.6:
    resolution: {integrity: sha512-wWN62YITEaOpSK584EZXJafH1AGpO8RVgElfkuXbTOrPX4fIfOyEpW/CsiNd8JdYrAoOvafRTOEnvsO++qCqFA==}
    engines: {node: '>=4.0'}
    peerDependencies:
      debug: '*'
    peerDependenciesMeta:
      debug:
        optional: true

  form-data@4.0.0:
    resolution: {integrity: sha512-ETEklSGi5t0QMZuiXoA/Q6vcnxcLQP5vdugSpuAyi6SVGi2clPPp+xgEhuMaHC+zGgn31Kd235W35f7Hykkaww==}
    engines: {node: '>= 6'}

  has-flag@4.0.0:
    resolution: {integrity: sha512-EykJT/Q1KjTWctppgIAgfSO0tKVuZUjhgMr17kqTumMl6Afv3EISleU7qZUzoXDFTAHTDC4NOoG/ZxU3EvlMPQ==}
    engines: {node: '>=8'}

  json-bignum@0.0.3:
    resolution: {integrity: sha512-2WHyXj3OfHSgNyuzDbSxI1w2jgw5gkWSWhS7Qg4bWXx1nLk3jnbwfUeS0PSba3IzpTUWdHxBieELUzXRjQB2zg==}
    engines: {node: '>=0.8'}

  lodash.assignwith@4.2.0:
    resolution: {integrity: sha512-ZznplvbvtjK2gMvnQ1BR/zqPFZmS6jbK4p+6Up4xcRYA7yMIwxHCfbTcrYxXKzzqLsQ05eJPVznEW3tuwV7k1g==}

  lodash.camelcase@4.3.0:
    resolution: {integrity: sha512-TwuEnCnxbc3rAvhf/LbG7tJUDzhqXyFnv3dtzLOPgCG/hODL7WFnsbwktkD7yUV0RrreP/l1PALq/YSg6VvjlA==}

  mime-db@1.52.0:
    resolution: {integrity: sha512-sPU4uV7dYlvtWJxwwxHD0PuihVNiE7TyAbQ5SWxDCB9mUYvOgroQOwYQQOKPJ8CIbE+1ETVlOoK1UC2nU3gYvg==}
    engines: {node: '>= 0.6'}

  mime-types@2.1.35:
    resolution: {integrity: sha512-ZDY+bPm5zTTF+YpCrAU9nK0UgICYPT0QtT1NZWFv4s++TNkcgVaT0g6+4R2uI4MjQjzysHB1zxuWL50hzaeXiw==}
    engines: {node: '>= 0.6'}

  pad-left@2.1.0:
    resolution: {integrity: sha512-HJxs9K9AztdIQIAIa/OIazRAUW/L6B9hbQDxO4X07roW3eo9XqZc2ur9bn1StH9CnbbI9EgvejHQX7CBpCF1QA==}
    engines: {node: '>=0.10.0'}

  proxy-from-env@1.1.0:
    resolution: {integrity: sha512-D+zkORCbA9f1tdWRK0RaCR3GPv50cMxcrz4X8k5LTSUD1Dkw47mKJEZQNunItRTkWwgtaUSo1RVFRIG9ZXiFYg==}

  repeat-string@1.6.1:
    resolution: {integrity: sha512-PV0dzCYDNfRi1jCDbJzpW7jNNDRuCOG/jI5ctQcGKt/clZD+YcPS3yIlWuTJMmESC8aevCFmWJy5wjAFgNqN6w==}
    engines: {node: '>=0.10'}

  stream-read-all@3.0.1:
    resolution: {integrity: sha512-EWZT9XOceBPlVJRrYcykW8jyRSZYbkb/0ZK36uLEmoWVO5gxBOnntNTseNzfREsqxqdfEGQrD8SXQ3QWbBmq8A==}
    engines: {node: '>=10'}

  supports-color@7.2.0:
    resolution: {integrity: sha512-qpCAvRl9stuOHveKsn7HncJRvv501qIacKzQlO/+Lwxc9+0q2wLyv4Dfvt80/DPn2pqOBsJdDiogXGR9+OvwRw==}
    engines: {node: '>=8'}

  table-layout@3.0.2:
    resolution: {integrity: sha512-rpyNZYRw+/C+dYkcQ3Pr+rLxW4CfHpXjPDnG7lYhdRoUcZTUt+KEsX+94RGp/aVp/MQU35JCITv2T/beY4m+hw==}
    engines: {node: '>=12.17'}
    hasBin: true

  tslib@2.6.2:
    resolution: {integrity: sha512-AEYxH93jGFPn/a2iVAwW87VuUIkR1FVUKB77NwMF7nBTDkDrrT/Hpt/IrCJ0QXhW27jTBDcf5ZY7w6RiqTMw2Q==}

  typical@4.0.0:
    resolution: {integrity: sha512-VAH4IvQ7BDFYglMd7BPRDfLgxZZX4O4TFcRDA6EN5X7erNJJq+McIEp8np9aVtxrCJ6qx4GTYVfOWNjcqwZgRw==}
    engines: {node: '>=8'}

  typical@7.1.1:
    resolution: {integrity: sha512-T+tKVNs6Wu7IWiAce5BgMd7OZfNYUndHwc5MknN+UHOudi7sGZzuHdCadllRuqJ3fPtgFtIH9+lt9qRv6lmpfA==}
    engines: {node: '>=12.17'}

  vectordb@0.4.20:
    resolution: {integrity: sha512-A8X5uvNMl7btbKBshaOx0A6R6Q2eQqOE5Ifwu6r1fZALOS+V0rnoQmUKa1K1v31Vcr3S5GvQsFIl+v6yWataqA==}
    cpu: [x64, arm64]
    os: [darwin, linux, win32]
    peerDependencies:
      '@apache-arrow/ts': ^14.0.2
      apache-arrow: ^14.0.2

  wordwrapjs@5.1.0:
    resolution: {integrity: sha512-JNjcULU2e4KJwUNv6CHgI46UvDGitb6dGryHajXTDiLgg1/RiGoPSDw4kZfYnwGtEXf2ZMeIewDQgFGzkCB2Sg==}
    engines: {node: '>=12.17'}

snapshots:

  '@75lb/deep-merge@1.1.1':
    dependencies:
      lodash.assignwith: 4.2.0
      typical: 7.1.1

  '@apache-arrow/ts@14.0.2':
    dependencies:
      '@types/command-line-args': 5.2.0
      '@types/command-line-usage': 5.0.2
      '@types/node': 20.3.0
      '@types/pad-left': 2.1.1
      command-line-args: 5.2.1
      command-line-usage: 7.0.1
      flatbuffers: 23.5.26
      json-bignum: 0.0.3
      pad-left: 2.1.0
      tslib: 2.6.2

  '@lancedb/vectordb-darwin-arm64@0.4.20':
    optional: true

  '@lancedb/vectordb-darwin-x64@0.4.20':
    optional: true

  '@lancedb/vectordb-linux-arm64-gnu@0.4.20':
    optional: true

  '@lancedb/vectordb-linux-x64-gnu@0.4.20':
    optional: true

  '@lancedb/vectordb-win32-x64-msvc@0.4.20':
    optional: true

  '@neon-rs/load@0.0.74': {}

  '@types/command-line-args@5.2.0': {}

  '@types/command-line-usage@5.0.2': {}

  '@types/node@20.3.0': {}

  '@types/pad-left@2.1.1': {}

  ansi-styles@4.3.0:
    dependencies:
      color-convert: 2.0.1

  apache-arrow@14.0.2:
    dependencies:
      '@types/command-line-args': 5.2.0
      '@types/command-line-usage': 5.0.2
      '@types/node': 20.3.0
      '@types/pad-left': 2.1.1
      command-line-args: 5.2.1
      command-line-usage: 7.0.1
      flatbuffers: 23.5.26
      json-bignum: 0.0.3
      pad-left: 2.1.0
      tslib: 2.6.2

  array-back@3.1.0: {}

  array-back@6.2.2: {}

  asynckit@0.4.0: {}

  axios@1.7.0:
    dependencies:
      follow-redirects: 1.15.6
      form-data: 4.0.0
      proxy-from-env: 1.1.0
    transitivePeerDependencies:
      - debug

  chalk-template@0.4.0:
    dependencies:
      chalk: 4.1.2

  chalk@4.1.2:
    dependencies:
      ansi-styles: 4.3.0
      supports-color: 7.2.0

  color-convert@2.0.1:
    dependencies:
      color-name: 1.1.4

  color-name@1.1.4: {}

  combined-stream@1.0.8:
    dependencies:
      delayed-stream: 1.0.0

  command-line-args@5.2.1:
    dependencies:
      array-back: 3.1.0
      find-replace: 3.0.0
      lodash.camelcase: 4.3.0
      typical: 4.0.0

  command-line-usage@7.0.1:
    dependencies:
      array-back: 6.2.2
      chalk-template: 0.4.0
      table-layout: 3.0.2
      typical: 7.1.1

  delayed-stream@1.0.0: {}

  find-replace@3.0.0:
    dependencies:
      array-back: 3.1.0

  flatbuffers@23.5.26: {}

  follow-redirects@1.15.6: {}

  form-data@4.0.0:
    dependencies:
      asynckit: 0.4.0
      combined-stream: 1.0.8
      mime-types: 2.1.35

  has-flag@4.0.0: {}

  json-bignum@0.0.3: {}

  lodash.assignwith@4.2.0: {}

  lodash.camelcase@4.3.0: {}

  mime-db@1.52.0: {}

  mime-types@2.1.35:
    dependencies:
      mime-db: 1.52.0

  pad-left@2.1.0:
    dependencies:
      repeat-string: 1.6.1

  proxy-from-env@1.1.0: {}

  repeat-string@1.6.1: {}

  stream-read-all@3.0.1: {}

  supports-color@7.2.0:
    dependencies:
      has-flag: 4.0.0

  table-layout@3.0.2:
    dependencies:
      '@75lb/deep-merge': 1.1.1
      array-back: 6.2.2
      command-line-args: 5.2.1
      command-line-usage: 7.0.1
      stream-read-all: 3.0.1
      typical: 7.1.1
      wordwrapjs: 5.1.0

  tslib@2.6.2: {}

  typical@4.0.0: {}

  typical@7.1.1: {}

  vectordb@0.4.20(@apache-arrow/ts@14.0.2)(apache-arrow@14.0.2):
    dependencies:
      '@apache-arrow/ts': 14.0.2
      '@neon-rs/load': 0.0.74
      apache-arrow: 14.0.2
      axios: 1.7.0
    optionalDependencies:
      '@lancedb/vectordb-darwin-arm64': 0.4.20
      '@lancedb/vectordb-darwin-x64': 0.4.20
      '@lancedb/vectordb-linux-arm64-gnu': 0.4.20
      '@lancedb/vectordb-linux-x64-gnu': 0.4.20
      '@lancedb/vectordb-win32-x64-msvc': 0.4.20
    transitivePeerDependencies:
      - debug

  wordwrapjs@5.1.0: {}
